
Microsoft Visual Studio Solution File, Format Version 12.00
# Visual Studio Version 17
VisualStudioVersion = 17.0.31903.59
MinimumVisualStudioVersion = 10.0.40219.1
Project("{FAE04EC0-301F-11D3-BF4B-00C04F79EFBC}") = "ClassVsStruct", "ClassVsStruct\ClassVsStruct.csproj", "{E875EEF3-D632-420E-9E94-F8A2121E33DD}"
EndProject
Project("{FAE04EC0-301F-11D3-BF4B-00C04F79EFBC}") = "StructWithRef", "StructWithRef\StructWithRef.csproj", "{D5510684-A1C9-4213-82A3-3A5C26D92962}"
EndProject
Project("{FAE04EC0-301F-11D3-BF4B-00C04F79EFBC}") = "MiniGame", "MiniGame\MiniGame.csproj", "{0BF5367A-4B5B-4871-9D9A-8EBD9B44FB9B}"
EndProject
Project("{FAE04EC0-301F-11D3-BF4B-00C04F79EFBC}") = "Polimorfismo", "Polimorfismo\Polimorfismo.csproj", "{333B2AA4-FF03-467F-8288-CCDDDBB4D964}"
EndProject
Global
	GlobalSection(SolutionConfigurationPlatforms) = preSolution
		Debug|Any CPU = Debug|Any CPU
		Release|Any CPU = Release|Any CPU
	EndGlobalSection
	GlobalSection(SolutionProperties) = preSolution
		HideSolutionNode = FALSE
	EndGlobalSection
	GlobalSection(ProjectConfigurationPlatforms) = postSolution
		{E875EEF3-D632-420E-9E94-F8A2121E33DD}.Debug|Any CPU.ActiveCfg = Debug|Any CPU
		{E875EEF3-D632-420E-9E94-F8A2121E33DD}.Debug|Any CPU.Build.0 = Debug|Any CPU
		{E875EEF3-D632-420E-9E94-F8A2121E33DD}.Release|Any CPU.ActiveCfg = Release|Any CPU
		{E875EEF3-D632-420E-9E94-F8A2121E33DD}.Release|Any CPU.Build.0 = Release|Any CPU
		{D5510684-A1C9-4213-82A3-3A5C26D92962}.Debug|Any CPU.ActiveCfg = Debug|Any CPU
		{D5510684-A1C9-4213-82A3-3A5C26D92962}.Debug|Any CPU.Build.0 = Debug|Any CPU
		{D5510684-A1C9-4213-82A3-3A5C26D92962}.Release|Any CPU.ActiveCfg = Release|Any CPU
		{D5510684-A1C9-4213-82A3-3A5C26D92962}.Release|Any CPU.Build.0 = Release|Any CPU
		{0BF5367A-4B5B-4871-9D9A-8EBD9B44FB9B}.Debug|Any CPU.ActiveCfg = Debug|Any CPU
		{0BF5367A-4B5B-4871-9D9A-8EBD9B44FB9B}.Debug|Any CPU.Build.0 = Debug|Any CPU
		{0BF5367A-4B5B-4871-9D9A-8EBD9B44FB9B}.Release|Any CPU.ActiveCfg = Release|Any CPU
		{0BF5367A-4B5B-4871-9D9A-8EBD9B44FB9B}.Release|Any CPU.Build.0 = Release|Any CPU
		{333B2AA4-FF03-467F-8288-CCDDDBB4D964}.Debug|Any CPU.ActiveCfg = Debug|Any CPU
		{333B2AA4-FF03-467F-8288-CCDDDBB4D964}.Debug|Any CPU.Build.0 = Debug|Any CPU
		{333B2AA4-FF03-467F-8288-CCDDDBB4D964}.Release|Any CPU.ActiveCfg = Release|Any CPU
		{333B2AA4-FF03-467F-8288-CCDDDBB4D964}.Release|Any CPU.Build.0 = Release|Any CPU
	EndGlobalSection
EndGlobal
